
Microsoft Visual Studio Solution File, Format Version 12.00
# Visual Studio Version 16
VisualStudioVersion = 16.0.29201.188
MinimumVisualStudioVersion = 10.0.40219.1
Project("{FAE04EC0-301F-11D3-BF4B-00C04F79EFBC}") = "VGAPainter", "VGAPainter\VGAPainter.csproj", "{C16411EF-47F8-41BD-AB66-7BFB3FE6E13C}"
EndProject
Project("{2150E333-8FDC-42A3-9474-1A3956D46DE8}") = "Solution Items", "Solution Items", "{3A6FF80E-4F18-4D97-9D4B-3DBEDBD03647}"
	ProjectSection(SolutionItems) = preProject
		LICENSE.txt = LICENSE.txt
		README.md = README.md
	EndProjectSection
EndProject
Global
	GlobalSection(SolutionConfigurationPlatforms) = preSolution
		Debug|Any CPU = Debug|Any CPU
		Release|Any CPU = Release|Any CPU
	EndGlobalSection
	GlobalSection(ProjectConfigurationPlatforms) = postSolution
		{C16411EF-47F8-41BD-AB66-7BFB3FE6E13C}.Debug|Any CPU.ActiveCfg = Debug|Any CPU
		{C16411EF-47F8-41BD-AB66-7BFB3FE6E13C}.Debug|Any CPU.Build.0 = Debug|Any CPU
		{C16411EF-47F8-41BD-AB66-7BFB3FE6E13C}.Release|Any CPU.ActiveCfg = Release|Any CPU
		{C16411EF-47F8-41BD-AB66-7BFB3FE6E13C}.Release|Any CPU.Build.0 = Release|Any CPU
	EndGlobalSection
	GlobalSection(SolutionProperties) = preSolution
		HideSolutionNode = FALSE
	EndGlobalSection
	GlobalSection(ExtensibilityGlobals) = postSolution
		SolutionGuid = {E40ED7E4-DD09-4D4E-B7B5-A57C58520A3C}
	EndGlobalSection
EndGlobal
